
Microsoft Visual Studio Solution File, Format Version 12.00
# Visual Studio Version 16
VisualStudioVersion = 16.0.31205.134
MinimumVisualStudioVersion = 10.0.40219.1
Project("{8BC9CEB8-8B4A-11D0-8D11-00A0C91BC942}") = "homework5", "homework5\homework5.vcxproj", "{98A087AD-571D-46DD-B625-755D386FB45D}"
EndProject
Global
	GlobalSection(SolutionConfigurationPlatforms) = preSolution
		Debug|x64 = Debug|x64
		Debug|x86 = Debug|x86
		Release|x64 = Release|x64
		Release|x86 = Release|x86
	EndGlobalSection
	GlobalSection(ProjectConfigurationPlatforms) = postSolution
		{98A087AD-571D-46DD-B625-755D386FB45D}.Debug|x64.ActiveCfg = Debug|x64
		{98A087AD-571D-46DD-B625-755D386FB45D}.Debug|x64.Build.0 = Debug|x64
		{98A087AD-571D-46DD-B625-755D386FB45D}.Debug|x86.ActiveCfg = Debug|Win32
		{98A087AD-571D-46DD-B625-755D386FB45D}.Debug|x86.Build.0 = Debug|Win32
		{98A087AD-571D-46DD-B625-755D386FB45D}.Release|x64.ActiveCfg = Release|x64
		{98A087AD-571D-46DD-B625-755D386FB45D}.Release|x64.Build.0 = Release|x64
		{98A087AD-571D-46DD-B625-755D386FB45D}.Release|x86.ActiveCfg = Release|Win32
		{98A087AD-571D-46DD-B625-755D386FB45D}.Release|x86.Build.0 = Release|Win32
	EndGlobalSection
	GlobalSection(SolutionProperties) = preSolution
		HideSolutionNode = FALSE
	EndGlobalSection
	GlobalSection(ExtensibilityGlobals) = postSolution
		SolutionGuid = {79B5B726-5E59-419B-AB32-2BC4D3359811}
	EndGlobalSection
EndGlobal
