
Microsoft Visual Studio Solution File, Format Version 12.00
# Visual Studio Version 16
VisualStudioVersion = 16.0.31205.134
MinimumVisualStudioVersion = 10.0.40219.1
Project("{8BC9CEB8-8B4A-11D0-8D11-00A0C91BC942}") = "Prova4Giugno2012", "Prova4Giugno2012\Prova4Giugno2012.vcxproj", "{878DBBF5-D433-44F0-89CC-5B8EF64898A3}"
EndProject
Global
	GlobalSection(SolutionConfigurationPlatforms) = preSolution
		Debug|x64 = Debug|x64
		Debug|x86 = Debug|x86
		Release|x64 = Release|x64
		Release|x86 = Release|x86
	EndGlobalSection
	GlobalSection(ProjectConfigurationPlatforms) = postSolution
		{878DBBF5-D433-44F0-89CC-5B8EF64898A3}.Debug|x64.ActiveCfg = Debug|x64
		{878DBBF5-D433-44F0-89CC-5B8EF64898A3}.Debug|x64.Build.0 = Debug|x64
		{878DBBF5-D433-44F0-89CC-5B8EF64898A3}.Debug|x86.ActiveCfg = Debug|Win32
		{878DBBF5-D433-44F0-89CC-5B8EF64898A3}.Debug|x86.Build.0 = Debug|Win32
		{878DBBF5-D433-44F0-89CC-5B8EF64898A3}.Release|x64.ActiveCfg = Release|x64
		{878DBBF5-D433-44F0-89CC-5B8EF64898A3}.Release|x64.Build.0 = Release|x64
		{878DBBF5-D433-44F0-89CC-5B8EF64898A3}.Release|x86.ActiveCfg = Release|Win32
		{878DBBF5-D433-44F0-89CC-5B8EF64898A3}.Release|x86.Build.0 = Release|Win32
	EndGlobalSection
	GlobalSection(SolutionProperties) = preSolution
		HideSolutionNode = FALSE
	EndGlobalSection
	GlobalSection(ExtensibilityGlobals) = postSolution
		SolutionGuid = {EAE94AF0-29A8-483F-8F93-D09C43B0E4EF}
	EndGlobalSection
EndGlobal
