
Microsoft Visual Studio Solution File, Format Version 12.00
# Visual Studio Version 16
VisualStudioVersion = 16.0.31205.134
MinimumVisualStudioVersion = 10.0.40219.1
Project("{8BC9CEB8-8B4A-11D0-8D11-00A0C91BC942}") = "Prova7Luglio2011", "Prova7Luglio2011\Prova7Luglio2011.vcxproj", "{41DDB00A-3BF8-4CE4-9659-3EE7E92D2D9C}"
EndProject
Global
	GlobalSection(SolutionConfigurationPlatforms) = preSolution
		Debug|x64 = Debug|x64
		Debug|x86 = Debug|x86
		Release|x64 = Release|x64
		Release|x86 = Release|x86
	EndGlobalSection
	GlobalSection(ProjectConfigurationPlatforms) = postSolution
		{41DDB00A-3BF8-4CE4-9659-3EE7E92D2D9C}.Debug|x64.ActiveCfg = Debug|x64
		{41DDB00A-3BF8-4CE4-9659-3EE7E92D2D9C}.Debug|x64.Build.0 = Debug|x64
		{41DDB00A-3BF8-4CE4-9659-3EE7E92D2D9C}.Debug|x86.ActiveCfg = Debug|Win32
		{41DDB00A-3BF8-4CE4-9659-3EE7E92D2D9C}.Debug|x86.Build.0 = Debug|Win32
		{41DDB00A-3BF8-4CE4-9659-3EE7E92D2D9C}.Release|x64.ActiveCfg = Release|x64
		{41DDB00A-3BF8-4CE4-9659-3EE7E92D2D9C}.Release|x64.Build.0 = Release|x64
		{41DDB00A-3BF8-4CE4-9659-3EE7E92D2D9C}.Release|x86.ActiveCfg = Release|Win32
		{41DDB00A-3BF8-4CE4-9659-3EE7E92D2D9C}.Release|x86.Build.0 = Release|Win32
	EndGlobalSection
	GlobalSection(SolutionProperties) = preSolution
		HideSolutionNode = FALSE
	EndGlobalSection
	GlobalSection(ExtensibilityGlobals) = postSolution
		SolutionGuid = {5614C718-91A9-403A-B6D7-E911D36500E4}
	EndGlobalSection
EndGlobal
