
Microsoft Visual Studio Solution File, Format Version 12.00
# Visual Studio 15
VisualStudioVersion = 15.0.26730.15
MinimumVisualStudioVersion = 10.0.40219.1
Project("{8BC9CEB8-8B4A-11D0-8D11-00A0C91BC942}") = "Exercise 4-9", "Exercise 4-9\Exercise 4-9.vcxproj", "{6DA50538-C621-439D-A73E-F29EFC4F7BBC}"
EndProject
Global
	GlobalSection(SolutionConfigurationPlatforms) = preSolution
		Debug|x64 = Debug|x64
		Debug|x86 = Debug|x86
		Release|x64 = Release|x64
		Release|x86 = Release|x86
	EndGlobalSection
	GlobalSection(ProjectConfigurationPlatforms) = postSolution
		{6DA50538-C621-439D-A73E-F29EFC4F7BBC}.Debug|x64.ActiveCfg = Debug|x64
		{6DA50538-C621-439D-A73E-F29EFC4F7BBC}.Debug|x64.Build.0 = Debug|x64
		{6DA50538-C621-439D-A73E-F29EFC4F7BBC}.Debug|x86.ActiveCfg = Debug|Win32
		{6DA50538-C621-439D-A73E-F29EFC4F7BBC}.Debug|x86.Build.0 = Debug|Win32
		{6DA50538-C621-439D-A73E-F29EFC4F7BBC}.Release|x64.ActiveCfg = Release|x64
		{6DA50538-C621-439D-A73E-F29EFC4F7BBC}.Release|x64.Build.0 = Release|x64
		{6DA50538-C621-439D-A73E-F29EFC4F7BBC}.Release|x86.ActiveCfg = Release|Win32
		{6DA50538-C621-439D-A73E-F29EFC4F7BBC}.Release|x86.Build.0 = Release|Win32
	EndGlobalSection
	GlobalSection(SolutionProperties) = preSolution
		HideSolutionNode = FALSE
	EndGlobalSection
	GlobalSection(ExtensibilityGlobals) = postSolution
		SolutionGuid = {B2BBA954-F67C-4B51-80FF-ABA39A8B2715}
	EndGlobalSection
EndGlobal
